Microsoft Visual Studio Solution File, Format Version 12.00
# Visual Studio Version 17
VisualStudioVersion = 17.5.002.0
MinimumVisualStudioVersion = 10.0.40219.1
Project("{9A19103F-16F7-4668-BE54-9A1E7A4F7556}") = "backend", "backend\backend.csproj", "{9E4DE3B6-EFC1-4311-BAF1-A0B7035CAF21}"
EndProject
Global
	GlobalSection(SolutionConfigurationPlatforms) = preSolution
		Debug|Any CPU = Debug|Any CPU
		Release|Any CPU = Release|Any CPU
	EndGlobalSection
	GlobalSection(ProjectConfigurationPlatforms) = postSolution
		{9E4DE3B6-EFC1-4311-BAF1-A0B7035CAF21}.Debug|Any CPU.ActiveCfg = Debug|Any CPU
		{9E4DE3B6-EFC1-4311-BAF1-A0B7035CAF21}.Debug|Any CPU.Build.0 = Debug|Any CPU
		{9E4DE3B6-EFC1-4311-BAF1-A0B7035CAF21}.Release|Any CPU.ActiveCfg = Release|Any CPU
		{9E4DE3B6-EFC1-4311-BAF1-A0B7035CAF21}.Release|Any CPU.Build.0 = Release|Any CPU
	EndGlobalSection
	GlobalSection(SolutionProperties) = preSolution
		HideSolutionNode = FALSE
	EndGlobalSection
	GlobalSection(ExtensibilityGlobals) = postSolution
		SolutionGuid = {3C91DF14-64F4-484B-9CED-B9EA58DD7A48}
	EndGlobalSection
EndGlobal
